
Microsoft Visual Studio Solution File, Format Version 12.00
# Visual Studio Version 16
VisualStudioVersion = 16.0.31205.134
MinimumVisualStudioVersion = 10.0.40219.1
Project("{FAE04EC0-301F-11D3-BF4B-00C04F79EFBC}") = "GardenProject", "GardenProject\GardenProject.csproj", "{BFDA3CAC-9998-4506-B15A-D64E507056ED}"
EndProject
Global
	GlobalSection(SolutionConfigurationPlatforms) = preSolution
		Debug|Any CPU = Debug|Any CPU
		Release|Any CPU = Release|Any CPU
	EndGlobalSection
	GlobalSection(ProjectConfigurationPlatforms) = postSolution
		{BFDA3CAC-9998-4506-B15A-D64E507056ED}.Debug|Any CPU.ActiveCfg = Debug|Any CPU
		{BFDA3CAC-9998-4506-B15A-D64E507056ED}.Debug|Any CPU.Build.0 = Debug|Any CPU
		{BFDA3CAC-9998-4506-B15A-D64E507056ED}.Release|Any CPU.ActiveCfg = Release|Any CPU
		{BFDA3CAC-9998-4506-B15A-D64E507056ED}.Release|Any CPU.Build.0 = Release|Any CPU
	EndGlobalSection
	GlobalSection(SolutionProperties) = preSolution
		HideSolutionNode = FALSE
	EndGlobalSection
	GlobalSection(ExtensibilityGlobals) = postSolution
		SolutionGuid = {C669DCF3-0513-48CC-AEC5-C5C7F0D0673F}
	EndGlobalSection
EndGlobal
